
Microsoft Visual Studio Solution File, Format Version 12.00
# Visual Studio Version 16
VisualStudioVersion = 16.0.29920.165
MinimumVisualStudioVersion = 10.0.40219.1
Project("{8BC9CEB8-8B4A-11D0-8D11-00A0C91BC942}") = "GUICPP", "GUICPP\GUICPP.vcxproj", "{362B3701-0B6F-4481-8692-4C98D73634E6}"
EndProject
Global
	GlobalSection(SolutionConfigurationPlatforms) = preSolution
		Debug|x64 = Debug|x64
		Release|x64 = Release|x64
	EndGlobalSection
	GlobalSection(ProjectConfigurationPlatforms) = postSolution
		{362B3701-0B6F-4481-8692-4C98D73634E6}.Debug|x64.ActiveCfg = Debug|x64
		{362B3701-0B6F-4481-8692-4C98D73634E6}.Debug|x64.Build.0 = Debug|x64
		{362B3701-0B6F-4481-8692-4C98D73634E6}.Release|x64.ActiveCfg = Release|x64
		{362B3701-0B6F-4481-8692-4C98D73634E6}.Release|x64.Build.0 = Release|x64
	EndGlobalSection
	GlobalSection(SolutionProperties) = preSolution
		HideSolutionNode = FALSE
	EndGlobalSection
	GlobalSection(ExtensibilityGlobals) = postSolution
		SolutionGuid = {EC888F0B-4841-47D0-99B3-2F7DCA8DFCA7}
	EndGlobalSection
EndGlobal
